// !$*UTF8*$!
{
	archiveVersion = 1;
	classes = {
	};
	objectVersion = 46;
	objects = {

/* Begin PBXBuildFile section */
		3647E21C1923BE6C00498CC2 /* AudioToolbox.framework in Frameworks */ = {isa = PBXBuildFile; fileRef = 3647E21B1923BE6C00498CC2 /* AudioToolbox.framework */; };
		3647E21E1923BE7500498CC2 /* MessageUI.framework in Frameworks */ = {isa = PBXBuildFile; fileRef = 3647E21D1923BE7500498CC2 /* MessageUI.framework */; };
		3647E2201923BE7E00498CC2 /* SystemConfiguration.framework in Frameworks */ = {isa = PBXBuildFile; fileRef = 3647E21F1923BE7E00498CC2 /* SystemConfiguration.framework */; };
		3647E2221923BE8E00498CC2 /* AVFoundation.framework in Frameworks */ = {isa = PBXBuildFile; fileRef = 3647E2211923BE8E00498CC2 /* AVFoundation.framework */; };
		3647E2241923BE9600498CC2 /* StoreKit.framework in Frameworks */ = {isa = PBXBuildFile; fileRef = 3647E2231923BE9600498CC2 /* StoreKit.framework */; };
		3647E2261923BE9F00498CC2 /* CoreTelephony.framework in Frameworks */ = {isa = PBXBuildFile; fileRef = 3647E2251923BE9F00498CC2 /* CoreTelephony.framework */; };
		3647E2281923BEA700498CC2 /* AdSupport.framework in Frameworks */ = {isa = PBXBuildFile; fileRef = 3647E2271923BEA700498CC2 /* AdSupport.framework */; };
		3647E2461923C0BB00498CC2 /* libGoogleAdMobAds.a in Frameworks */ = {isa = PBXBuildFile; fileRef = 3647E2451923C0BB00498CC2 /* libGoogleAdMobAds.a */; };
		775661D2192369A20046EC71 /* CaviarDreams.ttf in Resources */ = {isa = PBXBuildFile; fileRef = 775661D1192369A20046EC71 /* CaviarDreams.ttf */; };
		775661D419236C280046EC71 /* Origin-Regular.ttf in Resources */ = {isa = PBXBuildFile; fileRef = 775661D319236C280046EC71 /* Origin-Regular.ttf */; };
		775661EB1924AD690046EC71 /* libWeChatSDK.a in Frameworks */ = {isa = PBXBuildFile; fileRef = 775661E81924AD690046EC71 /* libWeChatSDK.a */; };
		775661EF1924BA620046EC71 /* bump1.aif in Resources */ = {isa = PBXBuildFile; fileRef = 775661EC1924BA620046EC71 /* bump1.aif */; };
		775661F01924BA620046EC71 /* bump2.aif in Resources */ = {isa = PBXBuildFile; fileRef = 775661ED1924BA620046EC71 /* bump2.aif */; };
		775661F11924BA620046EC71 /* bump3.aif in Resources */ = {isa = PBXBuildFile; fileRef = 775661EE1924BA620046EC71 /* bump3.aif */; };
		775661F51924BA700046EC71 /* target1.aif in Resources */ = {isa = PBXBuildFile; fileRef = 775661F21924BA700046EC71 /* target1.aif */; };
		775661F61924BA700046EC71 /* target2.aif in Resources */ = {isa = PBXBuildFile; fileRef = 775661F31924BA700046EC71 /* target2.aif */; };
		775661F71924BA700046EC71 /* target3.aif in Resources */ = {isa = PBXBuildFile; fileRef = 775661F41924BA700046EC71 /* target3.aif */; };
		779846371921CCF90091BB3E /* Foundation.framework in Frameworks */ = {isa = PBXBuildFile; fileRef = 779846361921CCF90091BB3E /* Foundation.framework */; };
		779846391921CCF90091BB3E /* CoreGraphics.framework in Frameworks */ = {isa = PBXBuildFile; fileRef = 779846381921CCF90091BB3E /* CoreGraphics.framework */; };
		7798463B1921CCF90091BB3E /* UIKit.framework in Frameworks */ = {isa = PBXBuildFile; fileRef = 7798463A1921CCF90091BB3E /* UIKit.framework */; };
		7798463D1921CCF90091BB3E /* SpriteKit.framework in Frameworks */ = {isa = PBXBuildFile; fileRef = 7798463C1921CCF90091BB3E /* SpriteKit.framework */; };
		779846431921CCF90091BB3E /* InfoPlist.strings in Resources */ = {isa = PBXBuildFile; fileRef = 779846411921CCF90091BB3E /* InfoPlist.strings */; };
		779846451921CCF90091BB3E /* main.m in Sources */ = {isa = PBXBuildFile; fileRef = 779846441921CCF90091BB3E /* main.m */; };
		779846491921CCF90091BB3E /* BWAppDelegate.m in Sources */ = {isa = PBXBuildFile; fileRef = 779846481921CCF90091BB3E /* BWAppDelegate.m */; };
		7798464C1921CCF90091BB3E /* Main.storyboard in Resources */ = {isa = PBXBuildFile; fileRef = 7798464A1921CCF90091BB3E /* Main.storyboard */; };
		7798464F1921CCF90091BB3E /* BWViewController.m in Sources */ = {isa = PBXBuildFile; fileRef = 7798464E1921CCF90091BB3E /* BWViewController.m */; };
		779846521921CCF90091BB3E /* BWMyScene.m in Sources */ = {isa = PBXBuildFile; fileRef = 779846511921CCF90091BB3E /* BWMyScene.m */; };
		779846561921CCF90091BB3E /* Images.xcassets in Resources */ = {isa = PBXBuildFile; fileRef = 779846551921CCF90091BB3E /* Images.xcassets */; };
		7798465D1921CCF90091BB3E /* XCTest.framework in Frameworks */ = {isa = PBXBuildFile; fileRef = 7798465C1921CCF90091BB3E /* XCTest.framework */; };
		7798465E1921CCF90091BB3E /* Foundation.framework in Frameworks */ = {isa = PBXBuildFile; fileRef = 779846361921CCF90091BB3E /* Foundation.framework */; };
		7798465F1921CCF90091BB3E /* UIKit.framework in Frameworks */ = {isa = PBXBuildFile; fileRef = 7798463A1921CCF90091BB3E /* UIKit.framework */; };
		779846671921CCF90091BB3E /* InfoPlist.strings in Resources */ = {isa = PBXBuildFile; fileRef = 779846651921CCF90091BB3E /* InfoPlist.strings */; };
		779846691921CCF90091BB3E /* OneTests.m in Sources */ = {isa = PBXBuildFile; fileRef = 779846681921CCF90091BB3E /* OneTests.m */; };
/* End PBXBuildFile section */

/* Begin PBXContainerItemProxy section */
		779846601921CCF90091BB3E /* PBXContainerItemProxy */ = {
			isa = PBXContainerItemProxy;
			containerPortal = 7798462B1921CCF90091BB3E /* Project object */;
			proxyType = 1;
			remoteGlobalIDString = 779846321921CCF90091BB3E;
			remoteInfo = One;
		};
/* End PBXContainerItemProxy section */

/* Begin PBXFileReference section */
		3647E21B1923BE6C00498CC2 /* AudioToolbox.framework */ = {isa = PBXFileReference; lastKnownFileType = wrapper.framework; name = AudioToolbox.framework; path = System/Library/Frameworks/AudioToolbox.framework; sourceTree = SDKROOT; };
		3647E21D1923BE7500498CC2 /* MessageUI.framework */ = {isa = PBXFileReference; lastKnownFileType = wrapper.framework; name = MessageUI.framework; path = System/Library/Frameworks/MessageUI.framework; sourceTree = SDKROOT; };
		3647E21F1923BE7E00498CC2 /* SystemConfiguration.framework */ = {isa = PBXFileReference; lastKnownFileType = wrapper.framework; name = SystemConfiguration.framework; path = System/Library/Frameworks/SystemConfiguration.framework; sourceTree = SDKROOT; };
		3647E2211923BE8E00498CC2 /* AVFoundation.framework */ = {isa = PBXFileReference; lastKnownFileType = wrapper.framework; name = AVFoundation.framework; path = System/Library/Frameworks/AVFoundation.framework; sourceTree = SDKROOT; };
		3647E2231923BE9600498CC2 /* StoreKit.framework */ = {isa = PBXFileReference; lastKnownFileType = wrapper.framework; name = StoreKit.framework; path = System/Library/Frameworks/StoreKit.framework; sourceTree = SDKROOT; };
		3647E2251923BE9F00498CC2 /* CoreTelephony.framework */ = {isa = PBXFileReference; lastKnownFileType = wrapper.framework; name = CoreTelephony.framework; path = System/Library/Frameworks/CoreTelephony.framework; sourceTree = SDKROOT; };
		3647E2271923BEA700498CC2 /* AdSupport.framework */ = {isa = PBXFileReference; lastKnownFileType = wrapper.framework; name = AdSupport.framework; path = System/Library/Frameworks/AdSupport.framework; sourceTree = SDKROOT; };
		3647E2391923C0BB00498CC2 /* GADAdMobExtras.h */ = {isa = PBXFileReference; fileEncoding = 4; lastKnownFileType = sourcecode.c.h; path = GADAdMobExtras.h; sourceTree = "<group>"; };
		3647E23A1923C0BB00498CC2 /* GADAdNetworkExtras.h */ = {isa = PBXFileReference; fileEncoding = 4; lastKnownFileType = sourcecode.c.h; path = GADAdNetworkExtras.h; sourceTree = "<group>"; };
		3647E23B1923C0BB00498CC2 /* GADAdSize.h */ = {isa = PBXFileReference; fileEncoding = 4; lastKnownFileType = sourcecode.c.h; path = GADAdSize.h; sourceTree = "<group>"; };
		3647E23C1923C0BB00498CC2 /* GADBannerView.h */ = {isa = PBXFileReference; fileEncoding = 4; lastKnownFileType = sourcecode.c.h; path = GADBannerView.h; sourceTree = "<group>"; };
		3647E23D1923C0BB00498CC2 /* GADBannerViewDelegate.h */ = {isa = PBXFileReference; fileEncoding = 4; lastKnownFileType = sourcecode.c.h; path = GADBannerViewDelegate.h; sourceTree = "<group>"; };
		3647E23E1923C0BB00498CC2 /* GADInAppPurchase.h */ = {isa = PBXFileReference; fileEncoding = 4; lastKnownFileType = sourcecode.c.h; path = GADInAppPurchase.h; sourceTree = "<group>"; };
		3647E23F1923C0BB00498CC2 /* GADInAppPurchaseDelegate.h */ = {isa = PBXFileReference; fileEncoding = 4; lastKnownFileType = sourcecode.c.h; path = GADInAppPurchaseDelegate.h; sourceTree = "<group>"; };
		3647E2401923C0BB00498CC2 /* GADInterstitial.h */ = {isa = PBXFileReference; fileEncoding = 4; lastKnownFileType = sourcecode.c.h; path = GADInterstitial.h; sourceTree = "<group>"; };
		3647E2411923C0BB00498CC2 /* GADInterstitialDelegate.h */ = {isa = PBXFileReference; fileEncoding = 4; lastKnownFileType = sourcecode.c.h; path = GADInterstitialDelegate.h; sourceTree = "<group>"; };
		3647E2421923C0BB00498CC2 /* GADModules.h */ = {isa = PBXFileReference; fileEncoding = 4; lastKnownFileType = sourcecode.c.h; path = GADModules.h; sourceTree = "<group>"; };
		3647E2431923C0BB00498CC2 /* GADRequest.h */ = {isa = PBXFileReference; fileEncoding = 4; lastKnownFileType = sourcecode.c.h; path = GADRequest.h; sourceTree = "<group>"; };
		3647E2441923C0BB00498CC2 /* GADRequestError.h */ = {isa = PBXFileReference; fileEncoding = 4; lastKnownFileType = sourcecode.c.h; path = GADRequestError.h; sourceTree = "<group>"; };
		3647E2451923C0BB00498CC2 /* libGoogleAdMobAds.a */ = {isa = PBXFileReference; lastKnownFileType = archive.ar; path = libGoogleAdMobAds.a; sourceTree = "<group>"; };
		775661D1192369A20046EC71 /* CaviarDreams.ttf */ = {isa = PBXFileReference; lastKnownFileType = file; path = CaviarDreams.ttf; sourceTree = "<group>"; };
		775661D319236C280046EC71 /* Origin-Regular.ttf */ = {isa = PBXFileReference; lastKnownFileType = file; path = "Origin-Regular.ttf"; sourceTree = "<group>"; };
		775661E81924AD690046EC71 /* libWeChatSDK.a */ = {isa = PBXFileReference; lastKnownFileType = archive.ar; path = libWeChatSDK.a; sourceTree = "<group>"; };
		775661E91924AD690046EC71 /* WXApi.h */ = {isa = PBXFileReference; fileEncoding = 4; lastKnownFileType = sourcecode.c.h; path = WXApi.h; sourceTree = "<group>"; };
		775661EA1924AD690046EC71 /* WXApiObject.h */ = {isa = PBXFileReference; fileEncoding = 4; lastKnownFileType = sourcecode.c.h; path = WXApiObject.h; sourceTree = "<group>"; };
		775661EC1924BA620046EC71 /* bump1.aif */ = {isa = PBXFileReference; lastKnownFileType = file; path = bump1.aif; sourceTree = "<group>"; };
		775661ED1924BA620046EC71 /* bump2.aif */ = {isa = PBXFileReference; lastKnownFileType = file; path = bump2.aif; sourceTree = "<group>"; };
		775661EE1924BA620046EC71 /* bump3.aif */ = {isa = PBXFileReference; lastKnownFileType = file; path = bump3.aif; sourceTree = "<group>"; };
		775661F21924BA700046EC71 /* target1.aif */ = {isa = PBXFileReference; lastKnownFileType = file; path = target1.aif; sourceTree = "<group>"; };
		775661F31924BA700046EC71 /* target2.aif */ = {isa = PBXFileReference; lastKnownFileType = file; path = target2.aif; sourceTree = "<group>"; };
		775661F41924BA700046EC71 /* target3.aif */ = {isa = PBXFileReference; lastKnownFileType = file; path = target3.aif; sourceTree = "<group>"; };
		779846331921CCF90091BB3E /* One.app */ = {isa = PBXFileReference; explicitFileType = wrapper.application; includeInIndex = 0; path = One.app; sourceTree = BUILT_PRODUCTS_DIR; };
		779846361921CCF90091BB3E /* Foundation.framework */ = {isa = PBXFileReference; lastKnownFileType = wrapper.framework; name = Foundation.framework; path = System/Library/Frameworks/Foundation.framework; sourceTree = SDKROOT; };
		779846381921CCF90091BB3E /* CoreGraphics.framework */ = {isa = PBXFileReference; lastKnownFileType = wrapper.framework; name = CoreGraphics.framework; path = System/Library/Frameworks/CoreGraphics.framework; sourceTree = SDKROOT; };
		7798463A1921CCF90091BB3E /* UIKit.framework */ = {isa = PBXFileReference; lastKnownFileType = wrapper.framework; name = UIKit.framework; path = System/Library/Frameworks/UIKit.framework; sourceTree = SDKROOT; };
		7798463C1921CCF90091BB3E /* SpriteKit.framework */ = {isa = PBXFileReference; lastKnownFileType = wrapper.framework; name = SpriteKit.framework; path = System/Library/Frameworks/SpriteKit.framework; sourceTree = SDKROOT; };
		779846401921CCF90091BB3E /* One-Info.plist */ = {isa = PBXFileReference; lastKnownFileType = text.plist.xml; path = "One-Info.plist"; sourceTree = "<group>"; };
		779846421921CCF90091BB3E /* en */ = {isa = PBXFileReference; lastKnownFileType = text.plist.strings; name = en; path = en.lproj/InfoPlist.strings; sourceTree = "<group>"; };
		779846441921CCF90091BB3E /* main.m */ = {isa = PBXFileReference; lastKnownFileType = sourcecode.c.objc; path = main.m; sourceTree = "<group>"; };
		779846461921CCF90091BB3E /* One-Prefix.pch */ = {isa = PBXFileReference; lastKnownFileType = sourcecode.c.h; path = "One-Prefix.pch"; sourceTree = "<group>"; };
		779846471921CCF90091BB3E /* BWAppDelegate.h */ = {isa = PBXFileReference; lastKnownFileType = sourcecode.c.h; path = BWAppDelegate.h; sourceTree = "<group>"; };
		779846481921CCF90091BB3E /* BWAppDelegate.m */ = {isa = PBXFileReference; lastKnownFileType = sourcecode.c.objc; path = BWAppDelegate.m; sourceTree = "<group>"; };
		7798464B1921CCF90091BB3E /* Base */ = {isa = PBXFileReference; lastKnownFileType = file.storyboard; name = Base; path = Base.lproj/Main.storyboard; sourceTree = "<group>"; };
		7798464D1921CCF90091BB3E /* BWViewController.h */ = {isa = PBXFileReference; lastKnownFileType = sourcecode.c.h; path = BWViewController.h; sourceTree = "<group>"; };
		7798464E1921CCF90091BB3E /* BWViewController.m */ = {isa = PBXFileReference; lastKnownFileType = sourcecode.c.objc; path = BWViewController.m; sourceTree = "<group>"; };
		779846501921CCF90091BB3E /* BWMyScene.h */ = {isa = PBXFileReference; lastKnownFileType = sourcecode.c.h; path = BWMyScene.h; sourceTree = "<group>"; };
		779846511921CCF90091BB3E /* BWMyScene.m */ = {isa = PBXFileReference; lastKnownFileType = sourcecode.c.objc; path = BWMyScene.m; sourceTree = "<group>"; };
		779846551921CCF90091BB3E /* Images.xcassets */ = {isa = PBXFileReference; lastKnownFileType = folder.assetcatalog; path = Images.xcassets; sourceTree = "<group>"; };
		7798465B1921CCF90091BB3E /* OneTests.xctest */ = {isa = PBXFileReference; explicitFileType = wrapper.cfbundle; includeInIndex = 0; path = OneTests.xctest; sourceTree = BUILT_PRODUCTS_DIR; };
		7798465C1921CCF90091BB3E /* XCTest.framework */ = {isa = PBXFileReference; lastKnownFileType = wrapper.framework; name = XCTest.framework; path = Library/Frameworks/XCTest.framework; sourceTree = DEVELOPER_DIR; };
		779846641921CCF90091BB3E /* OneTests-Info.plist */ = {isa = PBXFileReference; lastKnownFileType = text.plist.xml; path = "OneTests-Info.plist"; sourceTree = "<group>"; };
		779846661921CCF90091BB3E /* en */ = {isa = PBXFileReference; lastKnownFileType = text.plist.strings; name = en; path = en.lproj/InfoPlist.strings; sourceTree = "<group>"; };
		779846681921CCF90091BB3E /* OneTests.m */ = {isa = PBXFileReference; lastKnownFileType = sourcecode.c.objc; path = OneTests.m; sourceTree = "<group>"; };
/* End PBXFileReference section */

/* Begin PBXFrameworksBuildPhase section */
		779846301921CCF90091BB3E /* Frameworks */ = {
			isa = PBXFrameworksBuildPhase;
			buildActionMask = 2147483647;
			files = (
				3647E2281923BEA700498CC2 /* AdSupport.framework in Frameworks */,
				3647E2261923BE9F00498CC2 /* CoreTelephony.framework in Frameworks */,
				3647E2241923BE9600498CC2 /* StoreKit.framework in Frameworks */,
				3647E2221923BE8E00498CC2 /* AVFoundation.framework in Frameworks */,
				775661EB1924AD690046EC71 /* libWeChatSDK.a in Frameworks */,
				779846391921CCF90091BB3E /* CoreGraphics.framework in Frameworks */,
				3647E2461923C0BB00498CC2 /* libGoogleAdMobAds.a in Frameworks */,
				3647E2201923BE7E00498CC2 /* SystemConfiguration.framework in Frameworks */,
				3647E21E1923BE7500498CC2 /* MessageUI.framework in Frameworks */,
				3647E21C1923BE6C00498CC2 /* AudioToolbox.framework in Frameworks */,
				7798463B1921CCF90091BB3E /* UIKit.framework in Frameworks */,
				7798463D1921CCF90091BB3E /* SpriteKit.framework in Frameworks */,
				779846371921CCF90091BB3E /* Foundation.framework in Frameworks */,
			);
			runOnlyForDeploymentPostprocessing = 0;
		};
		779846581921CCF90091BB3E /* Frameworks */ = {
			isa = PBXFrameworksBuildPhase;
			buildActionMask = 2147483647;
			files = (
				7798465D1921CCF90091BB3E /* XCTest.framework in Frameworks */,
				7798465F1921CCF90091BB3E /* UIKit.framework in Frameworks */,
				7798465E1921CCF90091BB3E /* Foundation.framework in Frameworks */,
			);
			runOnlyForDeploymentPostprocessing = 0;
		};
/* End PBXFrameworksBuildPhase section */

/* Begin PBXGroup section */
		3647E2381923C0BB00498CC2 /* adMobSDK */ = {
			isa = PBXGroup;
			children = (
				3647E2391923C0BB00498CC2 /* GADAdMobExtras.h */,
				3647E23A1923C0BB00498CC2 /* GADAdNetworkExtras.h */,
				3647E23B1923C0BB00498CC2 /* GADAdSize.h */,
				3647E23C1923C0BB00498CC2 /* GADBannerView.h */,
				3647E23D1923C0BB00498CC2 /* GADBannerViewDelegate.h */,
				3647E23E1923C0BB00498CC2 /* GADInAppPurchase.h */,
				3647E23F1923C0BB00498CC2 /* GADInAppPurchaseDelegate.h */,
				3647E2401923C0BB00498CC2 /* GADInterstitial.h */,
				3647E2411923C0BB00498CC2 /* GADInterstitialDelegate.h */,
				3647E2421923C0BB00498CC2 /* GADModules.h */,
				3647E2431923C0BB00498CC2 /* GADRequest.h */,
				3647E2441923C0BB00498CC2 /* GADRequestError.h */,
				3647E2451923C0BB00498CC2 /* libGoogleAdMobAds.a */,
			);
			path = adMobSDK;
			sourceTree = "<group>";
		};
		775661E71924AD690046EC71 /* weixinSDK */ = {
			isa = PBXGroup;
			children = (
				775661E81924AD690046EC71 /* libWeChatSDK.a */,
				775661E91924AD690046EC71 /* WXApi.h */,
				775661EA1924AD690046EC71 /* WXApiObject.h */,
			);
			path = weixinSDK;
			sourceTree = "<group>";
		};
		7798462A1921CCF90091BB3E = {
			isa = PBXGroup;
			children = (
				775661E71924AD690046EC71 /* weixinSDK */,
				3647E2381923C0BB00498CC2 /* adMobSDK */,
				7798463E1921CCF90091BB3E /* One */,
				779846621921CCF90091BB3E /* OneTests */,
				779846351921CCF90091BB3E /* Frameworks */,
				779846341921CCF90091BB3E /* Products */,
			);
			sourceTree = "<group>";
		};
		779846341921CCF90091BB3E /* Products */ = {
			isa = PBXGroup;
			children = (
				779846331921CCF90091BB3E /* One.app */,
				7798465B1921CCF90091BB3E /* OneTests.xctest */,
			);
			name = Products;
			sourceTree = "<group>";
		};
		779846351921CCF90091BB3E /* Frameworks */ = {
			isa = PBXGroup;
			children = (
				3647E2271923BEA700498CC2 /* AdSupport.framework */,
				3647E2251923BE9F00498CC2 /* CoreTelephony.framework */,
				3647E2231923BE9600498CC2 /* StoreKit.framework */,
				3647E2211923BE8E00498CC2 /* AVFoundation.framework */,
				3647E21F1923BE7E00498CC2 /* SystemConfiguration.framework */,
				3647E21D1923BE7500498CC2 /* MessageUI.framework */,
				3647E21B1923BE6C00498CC2 /* AudioToolbox.framework */,
				779846361921CCF90091BB3E /* Foundation.framework */,
				779846381921CCF90091BB3E /* CoreGraphics.framework */,
				7798463A1921CCF90091BB3E /* UIKit.framework */,
				7798463C1921CCF90091BB3E /* SpriteKit.framework */,
				7798465C1921CCF90091BB3E /* XCTest.framework */,
			);
			name = Frameworks;
			sourceTree = "<group>";
		};
		7798463E1921CCF90091BB3E /* One */ = {
			isa = PBXGroup;
			children = (
				775661F21924BA700046EC71 /* target1.aif */,
				775661F31924BA700046EC71 /* target2.aif */,
				775661F41924BA700046EC71 /* target3.aif */,
				775661EC1924BA620046EC71 /* bump1.aif */,
				775661ED1924BA620046EC71 /* bump2.aif */,
				775661EE1924BA620046EC71 /* bump3.aif */,
				779846471921CCF90091BB3E /* BWAppDelegate.h */,
				779846481921CCF90091BB3E /* BWAppDelegate.m */,
				7798464A1921CCF90091BB3E /* Main.storyboard */,
				7798464D1921CCF90091BB3E /* BWViewController.h */,
				7798464E1921CCF90091BB3E /* BWViewController.m */,
				779846501921CCF90091BB3E /* BWMyScene.h */,
				779846511921CCF90091BB3E /* BWMyScene.m */,
				775661D319236C280046EC71 /* Origin-Regular.ttf */,
				775661D1192369A20046EC71 /* CaviarDreams.ttf */,
				779846551921CCF90091BB3E /* Images.xcassets */,
				7798463F1921CCF90091BB3E /* Supporting Files */,
			);
			path = One;
			sourceTree = "<group>";
		};
		7798463F1921CCF90091BB3E /* Supporting Files */ = {
			isa = PBXGroup;
			children = (
				779846401921CCF90091BB3E /* One-Info.plist */,
				779846411921CCF90091BB3E /* InfoPlist.strings */,
				779846441921CCF90091BB3E /* main.m */,
				779846461921CCF90091BB3E /* One-Prefix.pch */,
			);
			name = "Supporting Files";
			sourceTree = "<group>";
		};
		779846621921CCF90091BB3E /* OneTests */ = {
			isa = PBXGroup;
			children = (
				779846681921CCF90091BB3E /* OneTests.m */,
				779846631921CCF90091BB3E /* Supporting Files */,
			);
			path = OneTests;
			sourceTree = "<group>";
		};
		779846631921CCF90091BB3E /* Supporting Files */ = {
			isa = PBXGroup;
			children = (
				779846641921CCF90091BB3E /* OneTests-Info.plist */,
				779846651921CCF90091BB3E /* InfoPlist.strings */,
			);
			name = "Supporting Files";
			sourceTree = "<group>";
		};
/* End PBXGroup section */

/* Begin PBXNativeTarget section */
		779846321921CCF90091BB3E /* One */ = {
			isa = PBXNativeTarget;
			buildConfigurationList = 7798466C1921CCF90091BB3E /* Build configuration list for PBXNativeTarget "One" */;
			buildPhases = (
				7798462F1921CCF90091BB3E /* Sources */,
				779846301921CCF90091BB3E /* Frameworks */,
				779846311921CCF90091BB3E /* Resources */,
			);
			buildRules = (
			);
			dependencies = (
			);
			name = One;
			productName = One;
			productReference = 779846331921CCF90091BB3E /* One.app */;
			productType = "com.apple.product-type.application";
		};
		7798465A1921CCF90091BB3E /* OneTests */ = {
			isa = PBXNativeTarget;
			buildConfigurationList = 7798466F1921CCF90091BB3E /* Build configuration list for PBXNativeTarget "OneTests" */;
			buildPhases = (
				779846571921CCF90091BB3E /* Sources */,
				779846581921CCF90091BB3E /* Frameworks */,
				779846591921CCF90091BB3E /* Resources */,
			);
			buildRules = (
			);
			dependencies = (
				779846611921CCF90091BB3E /* PBXTargetDependency */,
			);
			name = OneTests;
			productName = OneTests;
			productReference = 7798465B1921CCF90091BB3E /* OneTests.xctest */;
			productType = "com.apple.product-type.bundle.unit-test";
		};
/* End PBXNativeTarget section */

/* Begin PBXProject section */
		7798462B1921CCF90091BB3E /* Project object */ = {
			isa = PBXProject;
			attributes = {
				CLASSPREFIX = BW;
				LastUpgradeCheck = 0510;
				ORGANIZATIONNAME = BlackWater;
				TargetAttributes = {
					7798465A1921CCF90091BB3E = {
						TestTargetID = 779846321921CCF90091BB3E;
					};
				};
			};
			buildConfigurationList = 7798462E1921CCF90091BB3E /* Build configuration list for PBXProject "One" */;
			compatibilityVersion = "Xcode 3.2";
			developmentRegion = English;
			hasScannedForEncodings = 0;
			knownRegions = (
				en,
				Base,
			);
			mainGroup = 7798462A1921CCF90091BB3E;
			productRefGroup = 779846341921CCF90091BB3E /* Products */;
			projectDirPath = "";
			projectRoot = "";
			targets = (
				779846321921CCF90091BB3E /* One */,
				7798465A1921CCF90091BB3E /* OneTests */,
			);
		};
/* End PBXProject section */

/* Begin PBXResourcesBuildPhase section */
		779846311921CCF90091BB3E /* Resources */ = {
			isa = PBXResourcesBuildPhase;
			buildActionMask = 2147483647;
			files = (
				779846431921CCF90091BB3E /* InfoPlist.strings in Resources */,
				779846561921CCF90091BB3E /* Images.xcassets in Resources */,
				775661EF1924BA620046EC71 /* bump1.aif in Resources */,
				775661D2192369A20046EC71 /* CaviarDreams.ttf in Resources */,
				775661F01924BA620046EC71 /* bump2.aif in Resources */,
				775661F71924BA700046EC71 /* target3.aif in Resources */,
				775661D419236C280046EC71 /* Origin-Regular.ttf in Resources */,
				775661F61924BA700046EC71 /* target2.aif in Resources */,
				775661F11924BA620046EC71 /* bump3.aif in Resources */,
				7798464C1921CCF90091BB3E /* Main.storyboard in Resources */,
				775661F51924BA700046EC71 /* target1.aif in Resources */,
			);
			runOnlyForDeploymentPostprocessing = 0;
		};
		779846591921CCF90091BB3E /* Resources */ = {
			isa = PBXResourcesBuildPhase;
			buildActionMask = 2147483647;
			files = (
				779846671921CCF90091BB3E /* InfoPlist.strings in Resources */,
			);
			runOnlyForDeploymentPostprocessing = 0;
		};
/* End PBXResourcesBuildPhase section */

/* Begin PBXSourcesBuildPhase section */
		7798462F1921CCF90091BB3E /* Sources */ = {
			isa = PBXSourcesBuildPhase;
			buildActionMask = 2147483647;
			files = (
				7798464F1921CCF90091BB3E /* BWViewController.m in Sources */,
				779846451921CCF90091BB3E /* main.m in Sources */,
				779846491921CCF90091BB3E /* BWAppDelegate.m in Sources */,
				779846521921CCF90091BB3E /* BWMyScene.m in Sources */,
			);
			runOnlyForDeploymentPostprocessing = 0;
		};
		779846571921CCF90091BB3E /* Sources */ = {
			isa = PBXSourcesBuildPhase;
			buildActionMask = 2147483647;
			files = (
				779846691921CCF90091BB3E /* OneTests.m in Sources */,
			);
			runOnlyForDeploymentPostprocessing = 0;
		};
/* End PBXSourcesBuildPhase section */

/* Begin PBXTargetDependency section */
		779846611921CCF90091BB3E /* PBXTargetDependency */ = {
			isa = PBXTargetDependency;
			target = 779846321921CCF90091BB3E /* One */;
			targetProxy = 779846601921CCF90091BB3E /* PBXContainerItemProxy */;
		};
/* End PBXTargetDependency section */

/* Begin PBXVariantGroup section */
		779846411921CCF90091BB3E /* InfoPlist.strings */ = {
			isa = PBXVariantGroup;
			children = (
				779846421921CCF90091BB3E /* en */,
			);
			name = InfoPlist.strings;
			sourceTree = "<group>";
		};
		7798464A1921CCF90091BB3E /* Main.storyboard */ = {
			isa = PBXVariantGroup;
			children = (
				7798464B1921CCF90091BB3E /* Base */,
			);
			name = Main.storyboard;
			sourceTree = "<group>";
		};
		779846651921CCF90091BB3E /* InfoPlist.strings */ = {
			isa = PBXVariantGroup;
			children = (
				779846661921CCF90091BB3E /* en */,
			);
			name = InfoPlist.strings;
			sourceTree = "<group>";
		};
/* End PBXVariantGroup section */

/* Begin XCBuildConfiguration section */
		7798466A1921CCF90091BB3E /* Debug */ = {
			isa = XCBuildConfiguration;
			buildSettings = {
				ALWAYS_SEARCH_USER_PATHS = NO;
				CLANG_CXX_LANGUAGE_STANDARD = "gnu++0x";
				CLANG_CXX_LIBRARY = "libc++";
				CLANG_ENABLE_MODULES = YES;
				CLANG_ENABLE_OBJC_ARC = YES;
				CLANG_WARN_BOOL_CONVERSION = YES;
				CLANG_WARN_CONSTANT_CONVERSION = YES;
				CLANG_WARN_DIRECT_OBJC_ISA_USAGE = YES_ERROR;
				CLANG_WARN_EMPTY_BODY = YES;
				CLANG_WARN_ENUM_CONVERSION = YES;
				CLANG_WARN_INT_CONVERSION = YES;
				CLANG_WARN_OBJC_ROOT_CLASS = YES_ERROR;
				CLANG_WARN__DUPLICATE_METHOD_MATCH = YES;
				"CODE_SIGN_IDENTITY[sdk=iphoneos*]" = "iPhone Developer";
				COPY_PHASE_STRIP = NO;
				GCC_C_LANGUAGE_STANDARD = gnu99;
				GCC_DYNAMIC_NO_PIC = NO;
				GCC_OPTIMIZATION_LEVEL = 0;
				GCC_PREPROCESSOR_DEFINITIONS = (
					"DEBUG=1",
					"$(inherited)",
				);
				GCC_SYMBOLS_PRIVATE_EXTERN = NO;
				GCC_WARN_64_TO_32_BIT_CONVERSION = YES;
				GCC_WARN_ABOUT_RETURN_TYPE = YES_ERROR;
				GCC_WARN_UNDECLARED_SELECTOR = YES;
				GCC_WARN_UNINITIALIZED_AUTOS = YES_AGGRESSIVE;
				GCC_WARN_UNUSED_FUNCTION = YES;
				GCC_WARN_UNUSED_VARIABLE = YES;
				IPHONEOS_DEPLOYMENT_TARGET = 7.1;
				ONLY_ACTIVE_ARCH = YES;
				SDKROOT = iphoneos;
			};
			name = Debug;
		};
		7798466B1921CCF90091BB3E /* Release */ = {
			isa = XCBuildConfiguration;
			buildSettings = {
				ALWAYS_SEARCH_USER_PATHS = NO;
				CLANG_CXX_LANGUAGE_STANDARD = "gnu++0x";
				CLANG_CXX_LIBRARY = "libc++";
				CLANG_ENABLE_MODULES = YES;
				CLANG_ENABLE_OBJC_ARC = YES;
				CLANG_WARN_BOOL_CONVERSION = YES;
				CLANG_WARN_CONSTANT_CONVERSION = YES;
				CLANG_WARN_DIRECT_OBJC_ISA_USAGE = YES_ERROR;
				CLANG_WARN_EMPTY_BODY = YES;
				CLANG_WARN_ENUM_CONVERSION = YES;
				CLANG_WARN_INT_CONVERSION = YES;
				CLANG_WARN_OBJC_ROOT_CLASS = YES_ERROR;
				CLANG_WARN__DUPLICATE_METHOD_MATCH = YES;
				"CODE_SIGN_IDENTITY[sdk=iphoneos*]" = "iPhone Developer";
				COPY_PHASE_STRIP = YES;
				ENABLE_NS_ASSERTIONS = NO;
				GCC_C_LANGUAGE_STANDARD = gnu99;
				GCC_WARN_64_TO_32_BIT_CONVERSION = YES;
				GCC_WARN_ABOUT_RETURN_TYPE = YES_ERROR;
				GCC_WARN_UNDECLARED_SELECTOR = YES;
				GCC_WARN_UNINITIALIZED_AUTOS = YES_AGGRESSIVE;
				GCC_WARN_UNUSED_FUNCTION = YES;
				GCC_WARN_UNUSED_VARIABLE = YES;
				IPHONEOS_DEPLOYMENT_TARGET = 7.1;
				SDKROOT = iphoneos;
				VALIDATE_PRODUCT = YES;
			};
			name = Release;
		};
		7798466D1921CCF90091BB3E /* Debug */ = {
			isa = XCBuildConfiguration;
			buildSettings = {
				ASSETCATALOG_COMPILER_APPICON_NAME = AppIcon;
				ASSETCATALOG_COMPILER_LAUNCHIMAGE_NAME = LaunchImage;
				GCC_PRECOMPILE_PREFIX_HEADER = YES;
				GCC_PREFIX_HEADER = "One/One-Prefix.pch";
				INFOPLIST_FILE = "One/One-Info.plist";
				LIBRARY_SEARCH_PATHS = (
					"$(inherited)",
					"$(PROJECT_DIR)/adMobSDK",
					"$(PROJECT_DIR)/weixinSDK",
				);
				OTHER_LDFLAGS = "-ObjC";
				PRODUCT_NAME = "$(TARGET_NAME)";
				SPRITEKIT_TEXTURE_ATLAS_OUTPUT = YES;
				WRAPPER_EXTENSION = app;
			};
			name = Debug;
		};
		7798466E1921CCF90091BB3E /* Release */ = {
			isa = XCBuildConfiguration;
			buildSettings = {
				ASSETCATALOG_COMPILER_APPICON_NAME = AppIcon;
				ASSETCATALOG_COMPILER_LAUNCHIMAGE_NAME = LaunchImage;
				GCC_PRECOMPILE_PREFIX_HEADER = YES;
				GCC_PREFIX_HEADER = "One/One-Prefix.pch";
				INFOPLIST_FILE = "One/One-Info.plist";
				LIBRARY_SEARCH_PATHS = (
					"$(inherited)",
					"$(PROJECT_DIR)/adMobSDK",
					"$(PROJECT_DIR)/weixinSDK",
				);
				OTHER_LDFLAGS = "-ObjC";
				PRODUCT_NAME = "$(TARGET_NAME)";
				SPRITEKIT_TEXTURE_ATLAS_OUTPUT = YES;
				WRAPPER_EXTENSION = app;
			};
			name = Release;
		};
		779846701921CCF90091BB3E /* Debug */ = {
			isa = XCBuildConfiguration;
			buildSettings = {
				BUNDLE_LOADER = "$(BUILT_PRODUCTS_DIR)/One.app/One";
				FRAMEWORK_SEARCH_PATHS = (
					"$(SDKROOT)/Developer/Library/Frameworks",
					"$(inherited)",
					"$(DEVELOPER_FRAMEWORKS_DIR)",
				);
				GCC_PRECOMPILE_PREFIX_HEADER = YES;
				GCC_PREFIX_HEADER = "One/One-Prefix.pch";
				GCC_PREPROCESSOR_DEFINITIONS = (
					"DEBUG=1",
					"$(inherited)",
				);
				INFOPLIST_FILE = "OneTests/OneTests-Info.plist";
				PRODUCT_NAME = "$(TARGET_NAME)";
				TEST_HOST = "$(BUNDLE_LOADER)";
				WRAPPER_EXTENSION = xctest;
			};
			name = Debug;
		};
		779846711921CCF90091BB3E /* Release */ = {
			isa = XCBuildConfiguration;
			buildSettings = {
				BUNDLE_LOADER = "$(BUILT_PRODUCTS_DIR)/One.app/One";
				FRAMEWORK_SEARCH_PATHS = (
					"$(SDKROOT)/Developer/Library/Frameworks",
					"$(inherited)",
					"$(DEVELOPER_FRAMEWORKS_DIR)",
				);
				GCC_PRECOMPILE_PREFIX_HEADER = YES;
				GCC_PREFIX_HEADER = "One/One-Prefix.pch";
				INFOPLIST_FILE = "OneTests/OneTests-Info.plist";
				PRODUCT_NAME = "$(TARGET_NAME)";
				TEST_HOST = "$(BUNDLE_LOADER)";
				WRAPPER_EXTENSION = xctest;
			};
			name = Release;
		};
/* End XCBuildConfiguration section */

/* Begin XCConfigurationList section */
		7798462E1921CCF90091BB3E /* Build configuration list for PBXProject "One" */ = {
			isa = XCConfigurationList;
			buildConfigurations = (
				7798466A1921CCF90091BB3E /* Debug */,
				7798466B1921CCF90091BB3E /* Release */,
			);
			defaultConfigurationIsVisible = 0;
			defaultConfigurationName = Release;
		};
		7798466C1921CCF90091BB3E /* Build configuration list for PBXNativeTarget "One" */ = {
			isa = XCConfigurationList;
			buildConfigurations = (
				7798466D1921CCF90091BB3E /* Debug */,
				7798466E1921CCF90091BB3E /* Release */,
			);
			defaultConfigurationIsVisible = 0;
			defaultConfigurationName = Release;
		};
		7798466F1921CCF90091BB3E /* Build configuration list for PBXNativeTarget "OneTests" */ = {
			isa = XCConfigurationList;
			buildConfigurations = (
				779846701921CCF90091BB3E /* Debug */,
				779846711921CCF90091BB3E /* Release */,
			);
			defaultConfigurationIsVisible = 0;
			defaultConfigurationName = Release;
		};
/* End XCConfigurationList section */
	};
	rootObject = 7798462B1921CCF90091BB3E /* Project object */;
}
